<?xml version="1.0" encoding="utf-8"?>
<Project ToolsVersion="4.0" xmlns="http://schemas.microsoft.com/developer/msbuild/2003">
  <ItemGroup>
    <FxCompile Include="Resources\shaders\BasicPS.hlsl">
      <Filter>シェーダーファイル</Filter>
    </FxCompile>
    <FxCompile Include="Resources\shaders\BasicVS.hlsl">
      <Filter>シェーダーファイル</Filter>
    </FxCompile>
    <FxCompile Include="Resources\shaders\OBJPixelShader.hlsl">
      <Filter>シェーダーファイル</Filter>
    </FxCompile>
    <FxCompile Include="Resources\shaders\OBJVertexShader.hlsl">
      <Filter>シェーダーファイル</Filter>
    </FxCompile>
    <FxCompile Include="Resources\shaders\ParticleGS.hlsl">
      <Filter>シェーダーファイル</Filter>
    </FxCompile>
    <FxCompile Include="Resources\shaders\ParticlePS.hlsl">
      <Filter>シェーダーファイル</Filter>
    </FxCompile>
    <FxCompile Include="Resources\shaders\ParticleVS.hlsl">
      <Filter>シェーダーファイル</Filter>
    </FxCompile>
    <FxCompile Include="Resources\shaders\SpritePS.hlsl">
      <Filter>シェーダーファイル</Filter>
    </FxCompile>
    <FxCompile Include="Resources\shaders\SpriteVS.hlsl">
      <Filter>シェーダーファイル</Filter>
    </FxCompile>
    <FxCompile Include="Resources\shaders\PostEffectPS.hlsl">
      <Filter>シェーダーファイル</Filter>
    </FxCompile>
    <FxCompile Include="Resources\shaders\PostEffectVS.hlsl">
      <Filter>シェーダーファイル</Filter>
    </FxCompile>
  </ItemGroup>
  <ItemGroup>
    <ClCompile Include="DirectXGame\Engin\Audio\Audio.cpp">
      <Filter>ソースファイル\Engine\Audio</Filter>
    </ClCompile>
    <ClCompile Include="External\ImGui\ImGuiManager.cpp">
      <Filter>ソースファイル\Engine\ImGui</Filter>
    </ClCompile>
    <ClCompile Include="DirectXGame\Engin\Input\Input.cpp">
      <Filter>ソースファイル\Engine\Input</Filter>
    </ClCompile>
    <ClCompile Include="DirectXGame\Engin\Platform\DirectXCommon.cpp">
      <Filter>ソースファイル\Engine\Platform</Filter>
    </ClCompile>
    <ClCompile Include="DirectXGame\Engin\Platform\FPSFixed.cpp">
      <Filter>ソースファイル\Engine\Platform</Filter>
    </ClCompile>
    <ClCompile Include="DirectXGame\Engin\Platform\WinApp.cpp">
      <Filter>ソースファイル\Engine\Platform</Filter>
    </ClCompile>
    <ClCompile Include="DirectXGame\Engin\3d\Object3d.cpp">
      <Filter>ソースファイル\Engine\3d</Filter>
    </ClCompile>
    <ClCompile Include="DirectXGame\Engin\3d\Model.cpp">
      <Filter>ソースファイル\Engine\3d</Filter>
    </ClCompile>
    <ClCompile Include="DirectXGame\Engin\2d\Sprite.cpp">
      <Filter>ソースファイル\Engine\2d</Filter>
    </ClCompile>
    <ClCompile Include="DirectXGame\Engin\2d\SpriteCommon.cpp">
      <Filter>ソースファイル\Engine\2d</Filter>
    </ClCompile>
    <ClCompile Include="DirectXGame\Engin\3d\ViewProjection.cpp">
      <Filter>ソースファイル\Engine\Camera</Filter>
    </ClCompile>
    <ClCompile Include="DirectXGame\main.cpp">
      <Filter>ソースファイル</Filter>
    </ClCompile>
    <ClCompile Include="DirectXGame\Application\Platform\RideLight.cpp">
      <Filter>ソースファイル\Application\Scene</Filter>
    </ClCompile>
    <ClCompile Include="DirectXGame\Application\Scene\GameBaseScene.cpp">
      <Filter>ソースファイル\Engine\Scene</Filter>
    </ClCompile>
    <ClCompile Include="DirectXGame\Application\Scene\GameTitleScene.cpp">
      <Filter>ソースファイル\Engine\Scene</Filter>
    </ClCompile>
    <ClCompile Include="DirectXGame\Application\Scene\GamePlayScene.cpp">
      <Filter>ソースファイル\Engine\Scene</Filter>
    </ClCompile>
    <ClCompile Include="DirectXGame\Engin\Math\Matrix4.cpp">
      <Filter>ソースファイル\Engine\Math</Filter>
    </ClCompile>
    <ClCompile Include="DirectXGame\Engin\Math\Quaternion.cpp">
      <Filter>ソースファイル\Engine\Math</Filter>
    </ClCompile>
    <ClCompile Include="DirectXGame\Engin\Math\Vector2.cpp">
      <Filter>ソースファイル\Engine\Math</Filter>
    </ClCompile>
    <ClCompile Include="DirectXGame\Engin\Math\Vector3.cpp">
      <Filter>ソースファイル\Engine\Math</Filter>
    </ClCompile>
    <ClCompile Include="DirectXGame\Engin\Math\Vector4.cpp">
      <Filter>ソースファイル\Engine\Math</Filter>
    </ClCompile>
    <ClCompile Include="DirectXGame\Engin\Collision\Collision.cpp">
      <Filter>ソースファイル\Engine\Collision</Filter>
    </ClCompile>
    <ClCompile Include="DirectXGame\Engin\Collision\CollisionPrimitive.cpp">
      <Filter>ソースファイル\Engine\Collision</Filter>
    </ClCompile>
    <ClCompile Include="DirectXGame\Engin\Collision\SphereCollider.cpp">
      <Filter>ソースファイル\Engine\Collision</Filter>
    </ClCompile>
    <ClCompile Include="DirectXGame\Engin\3d\WorldTransform.cpp">
      <Filter>ソースファイル\Engine\3d</Filter>
    </ClCompile>
    <ClCompile Include="DirectXGame\Engin\Scene\RLFramework.cpp">
      <Filter>ソースファイル\Application\Platform</Filter>
    </ClCompile>
    <ClCompile Include="DirectXGame\Engin\Collision\CollisionManager.cpp">
      <Filter>ソースファイル\Engine\Collision</Filter>
    </ClCompile>
    <ClCompile Include="DirectXGame\Engin\3d\RailCamera.cpp">
      <Filter>ソースファイル\Engine\Camera</Filter>
    </ClCompile>
    <ClCompile Include="DirectXGame\Engin\3d\Player.cpp">
      <Filter>ソースファイル\Engine\GameObject</Filter>
    </ClCompile>
    <ClCompile Include="DirectXGame\Engin\Math\Spline.cpp">
      <Filter>ソースファイル\Engine\Math</Filter>
    </ClCompile>
    <ClCompile Include="DirectXGame\Engin\3d\Enemy.cpp">
      <Filter>ソースファイル\Engine\GameObject</Filter>
    </ClCompile>
    <ClCompile Include="DirectXGame\Engin\Effect\Particle.cpp">
      <Filter>ソースファイル\Engine\Effect</Filter>
    </ClCompile>
    <ClCompile Include="DirectXGame\Engin\Effect\ParticleManager.cpp">
      <Filter>ソースファイル\Engine\Effect</Filter>
    </ClCompile>
    <ClCompile Include="DirectXGame\Engin\3d\XMViewProjection.cpp">
      <Filter>ソースファイル\Engine\Camera</Filter>
    </ClCompile>
    <ClCompile Include="DirectXGame\Engin\PostEffect\PostEffect.cpp">
      <Filter>ソースファイル\Engine\PostEffect</Filter>
    </ClCompile>
    <ClCompile Include="DirectXGame\Engin\3d\PlayerAttack.cpp">
      <Filter>ソースファイル\Engine\GameObject</Filter>
    </ClCompile>
    <ClCompile Include="DirectXGame\Engin\3d\Line.cpp">
      <Filter>ソースファイル\Engine\3d</Filter>
    </ClCompile>
    <ClCompile Include="Building.cpp">
      <Filter>ソースファイル\Engine\3d</Filter>
    </ClCompile>
  </ItemGroup>
  <ItemGroup>
    <ClInclude Include="DirectXGame\Engin\2d\Sprite.h">
      <Filter>ヘッダーファイル\Engine\2d</Filter>
    </ClInclude>
    <ClInclude Include="DirectXGame\Engin\2d\SpriteCommon.h">
      <Filter>ヘッダーファイル\Engine\2d</Filter>
    </ClInclude>
    <ClInclude Include="DirectXGame\Engin\Audio\Audio.h">
      <Filter>ヘッダーファイル\Engine\Audio</Filter>
    </ClInclude>
    <ClInclude Include="DirectXGame\Engin\Input\Input.h">
      <Filter>ヘッダーファイル\Engine\Input</Filter>
    </ClInclude>
    <ClInclude Include="External\ImGui\ImGuiManager.h">
      <Filter>ヘッダーファイル\Engine\ImGui</Filter>
    </ClInclude>
    <ClInclude Include="DirectXGame\Engin\3d\Model.h">
      <Filter>ヘッダーファイル\Engine\3d</Filter>
    </ClInclude>
    <ClInclude Include="DirectXGame\Engin\3d\Object3d.h">
      <Filter>ヘッダーファイル\Engine\3d</Filter>
    </ClInclude>
    <ClInclude Include="DirectXGame\Engin\3d\ViewProjection.h">
      <Filter>ヘッダーファイル\Engine\Camera</Filter>
    </ClInclude>
    <ClInclude Include="DirectXGame\Engin\Platform\DirectXCommon.h">
      <Filter>ヘッダーファイル\Engine\Platform</Filter>
    </ClInclude>
    <ClInclude Include="DirectXGame\Engin\Platform\FPSFixed.h">
      <Filter>ヘッダーファイル\Engine\Platform</Filter>
    </ClInclude>
    <ClInclude Include="DirectXGame\Engin\Platform\WinApp.h">
      <Filter>ヘッダーファイル\Engine\Platform</Filter>
    </ClInclude>
    <ClInclude Include="DirectXGame\Application\Scene\GameBaseScene.h">
      <Filter>ヘッダーファイル\Engine\Scene</Filter>
    </ClInclude>
    <ClInclude Include="DirectXGame\Application\Scene\GamePlayScene.h">
      <Filter>ヘッダーファイル\Engine\Scene</Filter>
    </ClInclude>
    <ClInclude Include="DirectXGame\Application\Platform\RideLight.h">
      <Filter>ヘッダーファイル\Application\Scene</Filter>
    </ClInclude>
    <ClInclude Include="DirectXGame\Engin\Scene\RLFramework.h">
      <Filter>ヘッダーファイル\Application\Platform</Filter>
    </ClInclude>
    <ClInclude Include="DirectXGame\Engin\Math\Matrix4.h">
      <Filter>ヘッダーファイル\Engine\Math</Filter>
    </ClInclude>
    <ClInclude Include="DirectXGame\Engin\Math\Quaternion.h">
      <Filter>ヘッダーファイル\Engine\Math</Filter>
    </ClInclude>
    <ClInclude Include="DirectXGame\Engin\Math\Vector2.h">
      <Filter>ヘッダーファイル\Engine\Math</Filter>
    </ClInclude>
    <ClInclude Include="DirectXGame\Engin\Math\Vector3.h">
      <Filter>ヘッダーファイル\Engine\Math</Filter>
    </ClInclude>
    <ClInclude Include="DirectXGame\Engin\Math\Vector4.h">
      <Filter>ヘッダーファイル\Engine\Math</Filter>
    </ClInclude>
    <ClInclude Include="DirectXGame\Engin\Collision\BaseCollider.h">
      <Filter>ヘッダーファイル\Engine\Collision</Filter>
    </ClInclude>
    <ClInclude Include="DirectXGame\Engin\Collision\Collision.h">
      <Filter>ヘッダーファイル\Engine\Collision</Filter>
    </ClInclude>
    <ClInclude Include="DirectXGame\Engin\Collision\CollisionInfo.h">
      <Filter>ヘッダーファイル\Engine\Collision</Filter>
    </ClInclude>
    <ClInclude Include="DirectXGame\Engin\Collision\CollisionManager.h">
      <Filter>ヘッダーファイル\Engine\Collision</Filter>
    </ClInclude>
    <ClInclude Include="DirectXGame\Engin\Collision\CollisionPrimitive.h">
      <Filter>ヘッダーファイル\Engine\Collision</Filter>
    </ClInclude>
    <ClInclude Include="DirectXGame\Engin\Collision\CollisionTypes.h">
      <Filter>ヘッダーファイル\Engine\Collision</Filter>
    </ClInclude>
    <ClInclude Include="DirectXGame\Engin\Collision\RaycastHit.h">
      <Filter>ヘッダーファイル\Engine\Collision</Filter>
    </ClInclude>
    <ClInclude Include="DirectXGame\Engin\Collision\SphereCollider.h">
      <Filter>ヘッダーファイル\Engine\Collision</Filter>
    </ClInclude>
    <ClInclude Include="DirectXGame\Engin\3d\WorldTransform.h">
      <Filter>ヘッダーファイル\Engine\3d</Filter>
    </ClInclude>
    <ClInclude Include="DirectXGame\Engin\3d\RailCamera.h">
      <Filter>ヘッダーファイル\Engine\Camera</Filter>
    </ClInclude>
    <ClInclude Include="DirectXGame\Application\Scene\GameTitleScene.h">
      <Filter>ヘッダーファイル\Engine\Scene</Filter>
    </ClInclude>
    <ClInclude Include="DirectXGame\Engin\3d\Player.h">
      <Filter>ヘッダーファイル\Engine\GameObject</Filter>
    </ClInclude>
    <ClInclude Include="DirectXGame\Engin\Math\Spline.h">
      <Filter>ヘッダーファイル\Engine\Math</Filter>
    </ClInclude>
    <ClInclude Include="DirectXGame\Engin\3d\Enemy.h">
      <Filter>ヘッダーファイル\Engine\GameObject</Filter>
    </ClInclude>
    <ClInclude Include="DirectXGame\Engin\Effect\Particle.h">
      <Filter>ヘッダーファイル\Engine\Effect</Filter>
    </ClInclude>
    <ClInclude Include="DirectXGame\Engin\Effect\ParticleManager.h">
      <Filter>ヘッダーファイル\Engine\Effect</Filter>
    </ClInclude>
    <ClInclude Include="DirectXGame\Engin\3d\XMViewProjection.h">
      <Filter>ヘッダーファイル\Engine\Camera</Filter>
    </ClInclude>
    <ClInclude Include="DirectXGame\Engin\PostEffect\PostEffect.h">
      <Filter>ヘッダーファイル\Engine\PostEffect</Filter>
    </ClInclude>
    <ClInclude Include="DirectXGame\Engin\3d\PlayerAttack.h">
      <Filter>ヘッダーファイル\Engine\GameObject</Filter>
    </ClInclude>
    <ClInclude Include="DirectXGame\Engin\3d\Line.h">
      <Filter>ヘッダーファイル\Engine\3d</Filter>
    </ClInclude>
    <ClInclude Include="Building.h">
      <Filter>ヘッダーファイル\Engine\3d</Filter>
    </ClInclude>
  </ItemGroup>
  <ItemGroup>
    <None Include="Resources\shaders\Basic.hlsli">
      <Filter>シェーダーファイル</Filter>
    </None>
    <None Include="Resources\shaders\OBJShaderHeader.hlsli">
      <Filter>シェーダーファイル</Filter>
    </None>
    <None Include="Resources\shaders\Particle.hlsli">
      <Filter>シェーダーファイル</Filter>
    </None>
    <None Include="Resources\shaders\Sprite.hlsli">
      <Filter>シェーダーファイル</Filter>
    </None>
    <None Include="Resources\shaders\PostEffect.hlsli">
      <Filter>シェーダーファイル</Filter>
    </None>
  </ItemGroup>
  <ItemGroup>
    <Filter Include="シェーダーファイル">
      <UniqueIdentifier>{cf9d9c8e-c04b-4f91-833b-2a30e86bf021}</UniqueIdentifier>
    </Filter>
    <Filter Include="ソースファイル">
      <UniqueIdentifier>{a76bae62-68ca-4a8d-8f50-a9086bee2c8e}</UniqueIdentifier>
    </Filter>
    <Filter Include="ヘッダーファイル">
      <UniqueIdentifier>{a230bd8b-ec9c-4a64-b818-e72c4e23ea7b}</UniqueIdentifier>
    </Filter>
    <Filter Include="ソースファイル\Engine">
      <UniqueIdentifier>{b3363919-6130-4986-aea6-8041850ea5dc}</UniqueIdentifier>
    </Filter>
    <Filter Include="ソースファイル\Application">
      <UniqueIdentifier>{adc187b8-5827-40ce-8b35-22add5c498db}</UniqueIdentifier>
    </Filter>
    <Filter Include="ソースファイル\Application\Platform">
      <UniqueIdentifier>{238e1c82-b65d-40c0-abf7-191ed2853edd}</UniqueIdentifier>
    </Filter>
    <Filter Include="ソースファイル\Application\Scene">
      <UniqueIdentifier>{1b7e8238-bd9e-4d26-85e3-7d48e0158150}</UniqueIdentifier>
    </Filter>
    <Filter Include="ソースファイル\Engine\2d">
      <UniqueIdentifier>{10229ee0-74c3-470e-8e96-c0ca27ae8495}</UniqueIdentifier>
    </Filter>
    <Filter Include="ソースファイル\Engine\3d">
      <UniqueIdentifier>{5958d154-1897-4112-8214-4bebac69e586}</UniqueIdentifier>
    </Filter>
    <Filter Include="ソースファイル\Engine\Audio">
      <UniqueIdentifier>{ff75b6a0-5997-42b5-a23f-c39096181664}</UniqueIdentifier>
    </Filter>
    <Filter Include="ソースファイル\Engine\Collision">
      <UniqueIdentifier>{00f719d8-96a0-439b-a628-3e36d67daf62}</UniqueIdentifier>
    </Filter>
    <Filter Include="ソースファイル\Engine\Effect">
      <UniqueIdentifier>{b27d4ab3-acdd-48bb-a560-03c1be27a9d6}</UniqueIdentifier>
    </Filter>
    <Filter Include="ソースファイル\Engine\ImGui">
      <UniqueIdentifier>{40b97e83-879c-4ff5-812d-0cefe656cac6}</UniqueIdentifier>
    </Filter>
    <Filter Include="ソースファイル\Engine\Input">
      <UniqueIdentifier>{f755e0bc-0d03-4b92-b7ba-8d1cb94721ef}</UniqueIdentifier>
    </Filter>
    <Filter Include="ソースファイル\Engine\Math">
      <UniqueIdentifier>{d207fd45-774c-4c6f-9888-da59c47eb437}</UniqueIdentifier>
    </Filter>
    <Filter Include="ソースファイル\Engine\Platform">
      <UniqueIdentifier>{ed6bdec4-b1d9-4752-abdd-ee1b513808d8}</UniqueIdentifier>
    </Filter>
    <Filter Include="ソースファイル\Engine\Scene">
      <UniqueIdentifier>{88479218-d38a-4dc9-852a-41844911fd00}</UniqueIdentifier>
    </Filter>
    <Filter Include="ソースファイル\Engine\Camera">
      <UniqueIdentifier>{6d004af4-a060-43ae-8059-74853b69b360}</UniqueIdentifier>
    </Filter>
    <Filter Include="ヘッダーファイル\Engine">
      <UniqueIdentifier>{833b8989-df64-44da-a737-418c4c4aaf54}</UniqueIdentifier>
    </Filter>
    <Filter Include="ヘッダーファイル\Application">
      <UniqueIdentifier>{7f70da80-6517-4647-b124-6df3708652b5}</UniqueIdentifier>
    </Filter>
    <Filter Include="ヘッダーファイル\Application\Scene">
      <UniqueIdentifier>{610073ba-2fef-4acc-99ae-60bbe295e11a}</UniqueIdentifier>
    </Filter>
    <Filter Include="ヘッダーファイル\Application\Platform">
      <UniqueIdentifier>{0682bb4b-3778-49d6-8a16-23cf3835433c}</UniqueIdentifier>
    </Filter>
    <Filter Include="ヘッダーファイル\Engine\2d">
      <UniqueIdentifier>{61ce1869-a255-44c4-97e9-e1162541ab9e}</UniqueIdentifier>
    </Filter>
    <Filter Include="ヘッダーファイル\Engine\3d">
      <UniqueIdentifier>{dde9c7eb-753c-4929-8995-a51a0f9a5459}</UniqueIdentifier>
    </Filter>
    <Filter Include="ヘッダーファイル\Engine\Audio">
      <UniqueIdentifier>{d5927dd7-690c-4d3e-9587-235562427548}</UniqueIdentifier>
    </Filter>
    <Filter Include="ヘッダーファイル\Engine\Collision">
      <UniqueIdentifier>{d562ae9c-df59-4015-a3f2-8e329ccb878d}</UniqueIdentifier>
    </Filter>
    <Filter Include="ヘッダーファイル\Engine\Effect">
      <UniqueIdentifier>{a143864d-3012-447c-a30b-a7d4af3d3abf}</UniqueIdentifier>
    </Filter>
    <Filter Include="ヘッダーファイル\Engine\ImGui">
      <UniqueIdentifier>{cfe9b71a-a049-4c6a-9a02-f9caa400701f}</UniqueIdentifier>
    </Filter>
    <Filter Include="ヘッダーファイル\Engine\Input">
      <UniqueIdentifier>{c9adf042-5cc3-4a38-b2ae-3d4867509a58}</UniqueIdentifier>
    </Filter>
    <Filter Include="ヘッダーファイル\Engine\Math">
      <UniqueIdentifier>{218af585-b901-4f96-818d-c24dc52cbcbf}</UniqueIdentifier>
    </Filter>
    <Filter Include="ヘッダーファイル\Engine\Camera">
      <UniqueIdentifier>{1e79dc2e-3331-47a8-a881-17b51c42b52b}</UniqueIdentifier>
    </Filter>
    <Filter Include="ヘッダーファイル\Engine\Scene">
      <UniqueIdentifier>{84914cd8-460a-4b4a-b1e5-5a7d6f451e20}</UniqueIdentifier>
    </Filter>
    <Filter Include="ヘッダーファイル\Engine\Platform">
      <UniqueIdentifier>{53fe1e58-7dd3-4632-aa51-26829db8546a}</UniqueIdentifier>
    </Filter>
    <Filter Include="ヘッダーファイル\Engine\GameObject">
      <UniqueIdentifier>{b4352ba0-dbee-40d8-b320-a22d06946147}</UniqueIdentifier>
    </Filter>
    <Filter Include="ソースファイル\Engine\GameObject">
      <UniqueIdentifier>{46b7a177-ed8f-439c-b7ad-ff8384fb9e89}</UniqueIdentifier>
    </Filter>
    <Filter Include="ソースファイル\Engine\PostEffect">
      <UniqueIdentifier>{82608051-f899-4370-a44c-8816d3979fb6}</UniqueIdentifier>
    </Filter>
    <Filter Include="ヘッダーファイル\Engine\PostEffect">
      <UniqueIdentifier>{9deed60a-18fd-4add-b767-4d1f27ee48ec}</UniqueIdentifier>
    </Filter>
  </ItemGroup>
</Project>